{
  "name": "typescript-maps",
  "lockfileVersion": 2,
  "requires": true,
  "packages": {
    "": {
      "dependencies": {
        "@types/faker": "^5.5.0",
        "@types/googlemaps": "^3.43.3",
        "faker": "^5.5.2",
        "src": "^1.1.2"
      },
      "devDependencies": {
        "typescript": "^4.2.3"
      }
    },
    "node_modules/@types/faker": {
      "version": "5.5.0",
      "resolved": "https://registry.npmjs.org/@types/faker/-/faker-5.5.0.tgz",
      "integrity": "sha512-WPBf6jgCsRrbPrgDuWHfbI+cd2CT33JUK+w8NM8jU7KmNr9PF+2eKhD0DKV32nMlyzdMnTHc5TSAG1jpkZbN5A=="
    },
    "node_modules/@types/googlemaps": {
      "version": "3.43.3",
      "resolved": "https://registry.npmjs.org/@types/googlemaps/-/googlemaps-3.43.3.tgz",
      "integrity": "sha512-ZWNoz/O8MPEpiajvj7QiqCY8tTLFNqNZ/a+s+zTV58wFVNAvvqV4bdGfnsjTb5Cs4V6wEsLrX8XRhmnyYJ2Tdg=="
    },
    "node_modules/denque": {
      "version": "1.5.0",
      "resolved": "https://registry.npmjs.org/denque/-/denque-1.5.0.tgz",
      "integrity": "sha512-CYiCSgIF1p6EUByQPlGkKnP1M9g0ZV3qMIrqMqZqdwazygIA/YP2vrbcyl1h/WppKJTdl1F85cXIle+394iDAQ==",
      "engines": {
        "node": ">=0.10"
      }
    },
    "node_modules/faker": {
      "version": "5.5.2",
      "resolved": "https://registry.npmjs.org/faker/-/faker-5.5.2.tgz",
      "integrity": "sha512-6G3lzZXWjWfqTJDS9KhHFIislZMGdrzDqews3T14E/dsANVbs3YT4A3jSNDrbA/gbtmjLuKJx9DzcLucdXBqBw=="
    },
    "node_modules/redis": {
      "version": "3.1.0",
      "resolved": "https://registry.npmjs.org/redis/-/redis-3.1.0.tgz",
      "integrity": "sha512-//lAOcEtNIKk2ekZibes5oyWKYUVWMvMB71lyD/hS9KRePNkB7AU3nXGkArX6uDKEb2N23EyJBthAv6pagD0uw==",
      "dependencies": {
        "denque": "^1.5.0",
        "redis-commands": "^1.7.0",
        "redis-errors": "^1.2.0",
        "redis-parser": "^3.0.0"
      },
      "engines": {
        "node": ">=10"
      },
      "funding": {
        "type": "opencollective",
        "url": "https://opencollective.com/node-redis"
      }
    },
    "node_modules/redis-commands": {
      "version": "1.7.0",
      "resolved": "https://registry.npmjs.org/redis-commands/-/redis-commands-1.7.0.tgz",
      "integrity": "sha512-nJWqw3bTFy21hX/CPKHth6sfhZbdiHP6bTawSgQBlKOVRG7EZkfHbbHwQJnrE4vsQf0CMNE+3gJ4Fmm16vdVlQ=="
    },
    "node_modules/redis-errors": {
      "version": "1.2.0",
      "resolved": "https://registry.npmjs.org/redis-errors/-/redis-errors-1.2.0.tgz",
      "integrity": "sha1-62LSrbFeTq9GEMBK/hUpOEJQq60=",
      "engines": {
        "node": ">=4"
      }
    },
    "node_modules/redis-parser": {
      "version": "3.0.0",
      "resolved": "https://registry.npmjs.org/redis-parser/-/redis-parser-3.0.0.tgz",
      "integrity": "sha1-tm2CjNyv5rS4pCin3vTGvKwxyLQ=",
      "dependencies": {
        "redis-errors": "^1.0.0"
      },
      "engines": {
        "node": ">=4"
      }
    },
    "node_modules/redis-url": {
      "version": "0.2.0",
      "resolved": "https://registry.npmjs.org/redis-url/-/redis-url-0.2.0.tgz",
      "integrity": "sha1-G3otrMw+qCZLH7ZWwNkB2cqcVHA=",
      "dependencies": {
        "redis": ">= 0.0.1"
      }
    },
    "node_modules/src": {
      "version": "1.1.2",
      "resolved": "https://registry.npmjs.org/src/-/src-1.1.2.tgz",
      "integrity": "sha1-eKvdHAjKyibMbPRb1YC1bZOs+38=",
      "dependencies": {
        "redis-url": "~0.2.0",
        "underscore": "~1.6.0",
        "uuid": "~1.4.1"
      }
    },
    "node_modules/typescript": {
      "version": "4.2.3",
      "resolved": "https://registry.npmjs.org/typescript/-/typescript-4.2.3.tgz",
      "integrity": "sha512-qOcYwxaByStAWrBf4x0fibwZvMRG+r4cQoTjbPtUlrWjBHbmCAww1i448U0GJ+3cNNEtebDteo/cHOR3xJ4wEw==",
      "dev": true,
      "bin": {
        "tsc": "bin/tsc",
        "tsserver": "bin/tsserver"
      },
      "engines": {
        "node": ">=4.2.0"
      }
    },
    "node_modules/underscore": {
      "version": "1.6.0",
      "resolved": "https://registry.npmjs.org/underscore/-/underscore-1.6.0.tgz",
      "integrity": "sha1-izixDKze9jM3uLJOT/htRa6lKag="
    },
    "node_modules/uuid": {
      "version": "1.4.2",
      "resolved": "https://registry.npmjs.org/uuid/-/uuid-1.4.2.tgz",
      "integrity": "sha1-RTAZ9oaWam34PNxSROfJkOzDMvw="
    }
  },
  "dependencies": {
    "@types/faker": {
      "version": "5.5.0",
      "resolved": "https://registry.npmjs.org/@types/faker/-/faker-5.5.0.tgz",
      "integrity": "sha512-WPBf6jgCsRrbPrgDuWHfbI+cd2CT33JUK+w8NM8jU7KmNr9PF+2eKhD0DKV32nMlyzdMnTHc5TSAG1jpkZbN5A=="
    },
    "@types/googlemaps": {
      "version": "3.43.3",
      "resolved": "https://registry.npmjs.org/@types/googlemaps/-/googlemaps-3.43.3.tgz",
      "integrity": "sha512-ZWNoz/O8MPEpiajvj7QiqCY8tTLFNqNZ/a+s+zTV58wFVNAvvqV4bdGfnsjTb5Cs4V6wEsLrX8XRhmnyYJ2Tdg=="
    },
    "denque": {
      "version": "1.5.0",
      "resolved": "https://registry.npmjs.org/denque/-/denque-1.5.0.tgz",
      "integrity": "sha512-CYiCSgIF1p6EUByQPlGkKnP1M9g0ZV3qMIrqMqZqdwazygIA/YP2vrbcyl1h/WppKJTdl1F85cXIle+394iDAQ=="
    },
    "faker": {
      "version": "5.5.2",
      "resolved": "https://registry.npmjs.org/faker/-/faker-5.5.2.tgz",
      "integrity": "sha512-6G3lzZXWjWfqTJDS9KhHFIislZMGdrzDqews3T14E/dsANVbs3YT4A3jSNDrbA/gbtmjLuKJx9DzcLucdXBqBw=="
    },
    "redis": {
      "version": "3.1.0",
      "resolved": "https://registry.npmjs.org/redis/-/redis-3.1.0.tgz",
      "integrity": "sha512-//lAOcEtNIKk2ekZibes5oyWKYUVWMvMB71lyD/hS9KRePNkB7AU3nXGkArX6uDKEb2N23EyJBthAv6pagD0uw==",
      "requires": {
        "denque": "^1.5.0",
        "redis-commands": "^1.7.0",
        "redis-errors": "^1.2.0",
        "redis-parser": "^3.0.0"
      }
    },
    "redis-commands": {
      "version": "1.7.0",
      "resolved": "https://registry.npmjs.org/redis-commands/-/redis-commands-1.7.0.tgz",
      "integrity": "sha512-nJWqw3bTFy21hX/CPKHth6sfhZbdiHP6bTawSgQBlKOVRG7EZkfHbbHwQJnrE4vsQf0CMNE+3gJ4Fmm16vdVlQ=="
    },
    "redis-errors": {
      "version": "1.2.0",
      "resolved": "https://registry.npmjs.org/redis-errors/-/redis-errors-1.2.0.tgz",
      "integrity": "sha1-62LSrbFeTq9GEMBK/hUpOEJQq60="
    },
    "redis-parser": {
      "version": "3.0.0",
      "resolved": "https://registry.npmjs.org/redis-parser/-/redis-parser-3.0.0.tgz",
      "integrity": "sha1-tm2CjNyv5rS4pCin3vTGvKwxyLQ=",
      "requires": {
        "redis-errors": "^1.0.0"
      }
    },
    "redis-url": {
      "version": "0.2.0",
      "resolved": "https://registry.npmjs.org/redis-url/-/redis-url-0.2.0.tgz",
      "integrity": "sha1-G3otrMw+qCZLH7ZWwNkB2cqcVHA=",
      "requires": {
        "redis": ">= 0.0.1"
      }
    },
    "src": {
      "version": "1.1.2",
      "resolved": "https://registry.npmjs.org/src/-/src-1.1.2.tgz",
      "integrity": "sha1-eKvdHAjKyibMbPRb1YC1bZOs+38=",
      "requires": {
        "redis-url": "~0.2.0",
        "underscore": "~1.6.0",
        "uuid": "~1.4.1"
      }
    },
    "typescript": {
      "version": "4.2.3",
      "resolved": "https://registry.npmjs.org/typescript/-/typescript-4.2.3.tgz",
      "integrity": "sha512-qOcYwxaByStAWrBf4x0fibwZvMRG+r4cQoTjbPtUlrWjBHbmCAww1i448U0GJ+3cNNEtebDteo/cHOR3xJ4wEw==",
      "dev": true
    },
    "underscore": {
      "version": "1.6.0",
      "resolved": "https://registry.npmjs.org/underscore/-/underscore-1.6.0.tgz",
      "integrity": "sha1-izixDKze9jM3uLJOT/htRa6lKag="
    },
    "uuid": {
      "version": "1.4.2",
      "resolved": "https://registry.npmjs.org/uuid/-/uuid-1.4.2.tgz",
      "integrity": "sha1-RTAZ9oaWam34PNxSROfJkOzDMvw="
    }
  }
}
